
Microsoft Visual Studio Solution File, Format Version 12.00
# Visual Studio 15
VisualStudioVersion = 15.0.27703.2018
MinimumVisualStudioVersion = 10.0.40219.1
Project("{9A19103F-16F7-4668-BE54-9A1E7A4F7556}") = "MHString", "MHString\MHString.csproj", "{EEC9C340-C1B3-4E6A-8943-A8B5B4ACCE14}"
EndProject
Project("{9A19103F-16F7-4668-BE54-9A1E7A4F7556}") = "MHString.Test", "MHString.Test\MHString.Test.csproj", "{FA6D72C2-54FE-4F62-A44D-76BDD115E5FA}"
EndProject
Global
	GlobalSection(SolutionConfigurationPlatforms) = preSolution
		Debug|Any CPU = Debug|Any CPU
		Release|Any CPU = Release|Any CPU
	EndGlobalSection
	GlobalSection(ProjectConfigurationPlatforms) = postSolution
		{EEC9C340-C1B3-4E6A-8943-A8B5B4ACCE14}.Debug|Any CPU.ActiveCfg = Debug|Any CPU
		{EEC9C340-C1B3-4E6A-8943-A8B5B4ACCE14}.Debug|Any CPU.Build.0 = Debug|Any CPU
		{EEC9C340-C1B3-4E6A-8943-A8B5B4ACCE14}.Release|Any CPU.ActiveCfg = Release|Any CPU
		{EEC9C340-C1B3-4E6A-8943-A8B5B4ACCE14}.Release|Any CPU.Build.0 = Release|Any CPU
		{FA6D72C2-54FE-4F62-A44D-76BDD115E5FA}.Debug|Any CPU.ActiveCfg = Debug|Any CPU
		{FA6D72C2-54FE-4F62-A44D-76BDD115E5FA}.Debug|Any CPU.Build.0 = Debug|Any CPU
		{FA6D72C2-54FE-4F62-A44D-76BDD115E5FA}.Release|Any CPU.ActiveCfg = Release|Any CPU
		{FA6D72C2-54FE-4F62-A44D-76BDD115E5FA}.Release|Any CPU.Build.0 = Release|Any CPU
	EndGlobalSection
	GlobalSection(SolutionProperties) = preSolution
		HideSolutionNode = FALSE
	EndGlobalSection
	GlobalSection(ExtensibilityGlobals) = postSolution
		SolutionGuid = {C6917471-957D-4E6F-B851-4D26735706F2}
	EndGlobalSection
EndGlobal
